
Microsoft Visual Studio Solution File, Format Version 12.00
# Visual Studio 15
VisualStudioVersion = 15.0.28307.168
MinimumVisualStudioVersion = 10.0.40219.1
Project("{9A19103F-16F7-4668-BE54-9A1E7A4F7556}") = "Organizations.Service", "Organizations.Service\Organizations.Service.csproj", "{34C2332D-5685-46EA-8626-7D06D01B1114}"
EndProject
Project("{9A19103F-16F7-4668-BE54-9A1E7A4F7556}") = "Organizations.Domain", "Organizations.Domain\Organizations.Domain.csproj", "{61D207F9-8211-42AD-B8B5-26B945112EC9}"
EndProject
Project("{9A19103F-16F7-4668-BE54-9A1E7A4F7556}") = "Organizations.Infrastructure", "Organizations.Infrastructure\Organizations.Infrastructure.csproj", "{454DB064-1239-48BA-8089-CBD745DD3255}"
EndProject
Project("{9A19103F-16F7-4668-BE54-9A1E7A4F7556}") = "Organizations.Dtos", "Organizations.Dtos\Organizations.Dtos.csproj", "{274E6AE4-95D0-4379-BB23-51EE50CD34A7}"
EndProject
Project("{9A19103F-16F7-4668-BE54-9A1E7A4F7556}") = "Organizations.Commands", "Organizations.Commands\Organizations.Commands.csproj", "{2480E424-8295-47FE-9E65-976E7AA07047}"
EndProject
Project("{9A19103F-16F7-4668-BE54-9A1E7A4F7556}") = "Organizations.Events", "Organizations.Events\Organizations.Events.csproj", "{297BB7C8-969C-4C0B-A899-28A88FA74A26}"
EndProject
Project("{9A19103F-16F7-4668-BE54-9A1E7A4F7556}") = "Organizations.Tests", "Organizations.Tests\Organizations.Tests.csproj", "{8D0DB4E3-1C7C-442F-B462-04B7238563C7}"
EndProject
Project("{2150E333-8FDC-42A3-9474-1A3956D46DE8}") = "Organizations", "Organizations", "{898BBB99-5171-4A76-9858-134CBA7E2865}"
EndProject
Project("{2150E333-8FDC-42A3-9474-1A3956D46DE8}") = "Projections", "Projections", "{E8D51CD4-7D0A-4288-823F-ADB42498F328}"
EndProject
Project("{2150E333-8FDC-42A3-9474-1A3956D46DE8}") = "Identity", "Identity", "{C000C60F-9B84-4F8F-94F2-73C83A9E24AA}"
EndProject
Project("{9A19103F-16F7-4668-BE54-9A1E7A4F7556}") = "Identity.Service", "Identity.Service\Identity.Service.csproj", "{D0CFEB35-0586-4110-9ED6-BE6B0D708D65}"
EndProject
Project("{9A19103F-16F7-4668-BE54-9A1E7A4F7556}") = "Identity.Commands", "Identity.Commands\Identity.Commands.csproj", "{F8D39920-6781-4B59-AEA8-6B549047B9BE}"
EndProject
Project("{9A19103F-16F7-4668-BE54-9A1E7A4F7556}") = "Identity.Domain", "Identity.Domain\Identity.Domain.csproj", "{71E09775-D768-4F5E-A4BA-050C26DC1220}"
EndProject
Project("{9A19103F-16F7-4668-BE54-9A1E7A4F7556}") = "Identity.Dtos", "Identity.Dtos\Identity.Dtos.csproj", "{5ACC5B5E-A77C-42FB-90EF-6DC225D94A0D}"
EndProject
Project("{9A19103F-16F7-4668-BE54-9A1E7A4F7556}") = "Identity.Events", "Identity.Events\Identity.Events.csproj", "{4684CD46-5519-44DF-B1EF-E2232F9E1216}"
EndProject
Project("{9A19103F-16F7-4668-BE54-9A1E7A4F7556}") = "Identity.Infrastructure", "Identity.Infrastructure\Identity.Infrastructure.csproj", "{340C4F9C-68E3-412E-9B97-1C60532BD3B4}"
EndProject
Project("{9A19103F-16F7-4668-BE54-9A1E7A4F7556}") = "Identity.Tests", "Identity.Tests\Identity.Tests.csproj", "{959BDE5A-8A58-4667-9635-F3AAD0700257}"
EndProject
Project("{9A19103F-16F7-4668-BE54-9A1E7A4F7556}") = "Projections.Service", "Projections.Service\Projections.Service.csproj", "{CAD52C8A-3C3B-406A-B3A1-54E491E46C28}"
EndProject
Project("{9A19103F-16F7-4668-BE54-9A1E7A4F7556}") = "Projections.Infrastructure", "Projections.Infrastructure\Projections.Infrastructure.csproj", "{89E50ACD-D411-4C6C-BAED-B28AB9819314}"
EndProject
Project("{9A19103F-16F7-4668-BE54-9A1E7A4F7556}") = "Projections.Dtos", "Projections.Dtos\Projections.Dtos.csproj", "{0DBCABE5-A066-4F7A-8D10-25F4D7278120}"
EndProject
Project("{9A19103F-16F7-4668-BE54-9A1E7A4F7556}") = "Core", "Core\Core.csproj", "{BB6DD257-18B0-458B-A4EE-9EA93378553D}"
EndProject
Project("{2150E333-8FDC-42A3-9474-1A3956D46DE8}") = "Solution Items", "Solution Items", "{1B3CAAC2-49A5-4574-8AE7-9211E2F2524B}"
	ProjectSection(SolutionItems) = preProject
		docker-compose.yml = docker-compose.yml
		init.sql = init.sql
		todo.txt = todo.txt
		update-databases.sh = update-databases.sh
	EndProjectSection
EndProject
Project("{9A19103F-16F7-4668-BE54-9A1E7A4F7556}") = "BrokerServices", "BrokerServices\BrokerServices.csproj", "{C10EB5ED-4470-424F-A2C1-8C460BEB6C14}"
EndProject
Project("{9A19103F-16F7-4668-BE54-9A1E7A4F7556}") = "Projections.Worker", "Projections.Worker\Projections.Worker.csproj", "{6F2D743D-87C3-4837-92A0-3276D18CED86}"
EndProject
Project("{9A19103F-16F7-4668-BE54-9A1E7A4F7556}") = "Identity.Common", "Identity.Common\Identity.Common.csproj", "{6183C31F-6388-46D2-9115-364EA148A722}"
EndProject
Project("{9A19103F-16F7-4668-BE54-9A1E7A4F7556}") = "Projections.Common", "Projections.Common\Projections.Common.csproj", "{3648633B-4D7E-429A-9202-48A661787F97}"
EndProject
Project("{9A19103F-16F7-4668-BE54-9A1E7A4F7556}") = "Projections.Domain", "Projections.Domain\Projections.Domain.csproj", "{2C283DE0-6D65-4B89-BA13-CC7A47288689}"
EndProject
Project("{2150E333-8FDC-42A3-9474-1A3956D46DE8}") = "Gateways", "Gateways", "{C164CBAC-A3A4-493D-94F4-CF342D7B2C07}"
EndProject
Project("{FAE04EC0-301F-11D3-BF4B-00C04F79EFBC}") = "Organizations.Common", "Organizations.Common\Organizations.Common.csproj", "{DE4A19C8-BA1A-4C77-AAB1-DF6389D66F45}"
EndProject
Global
	GlobalSection(SolutionConfigurationPlatforms) = preSolution
		Debug|Any CPU = Debug|Any CPU
		Release|Any CPU = Release|Any CPU
	EndGlobalSection
	GlobalSection(ProjectConfigurationPlatforms) = postSolution
		{34C2332D-5685-46EA-8626-7D06D01B1114}.Debug|Any CPU.ActiveCfg = Debug|Any CPU
		{34C2332D-5685-46EA-8626-7D06D01B1114}.Debug|Any CPU.Build.0 = Debug|Any CPU
		{34C2332D-5685-46EA-8626-7D06D01B1114}.Release|Any CPU.ActiveCfg = Release|Any CPU
		{34C2332D-5685-46EA-8626-7D06D01B1114}.Release|Any CPU.Build.0 = Release|Any CPU
		{61D207F9-8211-42AD-B8B5-26B945112EC9}.Debug|Any CPU.ActiveCfg = Debug|Any CPU
		{61D207F9-8211-42AD-B8B5-26B945112EC9}.Debug|Any CPU.Build.0 = Debug|Any CPU
		{61D207F9-8211-42AD-B8B5-26B945112EC9}.Release|Any CPU.ActiveCfg = Release|Any CPU
		{61D207F9-8211-42AD-B8B5-26B945112EC9}.Release|Any CPU.Build.0 = Release|Any CPU
		{454DB064-1239-48BA-8089-CBD745DD3255}.Debug|Any CPU.ActiveCfg = Debug|Any CPU
		{454DB064-1239-48BA-8089-CBD745DD3255}.Debug|Any CPU.Build.0 = Debug|Any CPU
		{454DB064-1239-48BA-8089-CBD745DD3255}.Release|Any CPU.ActiveCfg = Release|Any CPU
		{454DB064-1239-48BA-8089-CBD745DD3255}.Release|Any CPU.Build.0 = Release|Any CPU
		{274E6AE4-95D0-4379-BB23-51EE50CD34A7}.Debug|Any CPU.ActiveCfg = Debug|Any CPU
		{274E6AE4-95D0-4379-BB23-51EE50CD34A7}.Debug|Any CPU.Build.0 = Debug|Any CPU
		{274E6AE4-95D0-4379-BB23-51EE50CD34A7}.Release|Any CPU.ActiveCfg = Release|Any CPU
		{274E6AE4-95D0-4379-BB23-51EE50CD34A7}.Release|Any CPU.Build.0 = Release|Any CPU
		{2480E424-8295-47FE-9E65-976E7AA07047}.Debug|Any CPU.ActiveCfg = Debug|Any CPU
		{2480E424-8295-47FE-9E65-976E7AA07047}.Debug|Any CPU.Build.0 = Debug|Any CPU
		{2480E424-8295-47FE-9E65-976E7AA07047}.Release|Any CPU.ActiveCfg = Release|Any CPU
		{2480E424-8295-47FE-9E65-976E7AA07047}.Release|Any CPU.Build.0 = Release|Any CPU
		{297BB7C8-969C-4C0B-A899-28A88FA74A26}.Debug|Any CPU.ActiveCfg = Debug|Any CPU
		{297BB7C8-969C-4C0B-A899-28A88FA74A26}.Debug|Any CPU.Build.0 = Debug|Any CPU
		{297BB7C8-969C-4C0B-A899-28A88FA74A26}.Release|Any CPU.ActiveCfg = Release|Any CPU
		{297BB7C8-969C-4C0B-A899-28A88FA74A26}.Release|Any CPU.Build.0 = Release|Any CPU
		{8D0DB4E3-1C7C-442F-B462-04B7238563C7}.Debug|Any CPU.ActiveCfg = Debug|Any CPU
		{8D0DB4E3-1C7C-442F-B462-04B7238563C7}.Debug|Any CPU.Build.0 = Debug|Any CPU
		{8D0DB4E3-1C7C-442F-B462-04B7238563C7}.Release|Any CPU.ActiveCfg = Release|Any CPU
		{8D0DB4E3-1C7C-442F-B462-04B7238563C7}.Release|Any CPU.Build.0 = Release|Any CPU
		{D0CFEB35-0586-4110-9ED6-BE6B0D708D65}.Debug|Any CPU.ActiveCfg = Debug|Any CPU
		{D0CFEB35-0586-4110-9ED6-BE6B0D708D65}.Debug|Any CPU.Build.0 = Debug|Any CPU
		{D0CFEB35-0586-4110-9ED6-BE6B0D708D65}.Release|Any CPU.ActiveCfg = Release|Any CPU
		{D0CFEB35-0586-4110-9ED6-BE6B0D708D65}.Release|Any CPU.Build.0 = Release|Any CPU
		{F8D39920-6781-4B59-AEA8-6B549047B9BE}.Debug|Any CPU.ActiveCfg = Debug|Any CPU
		{F8D39920-6781-4B59-AEA8-6B549047B9BE}.Debug|Any CPU.Build.0 = Debug|Any CPU
		{F8D39920-6781-4B59-AEA8-6B549047B9BE}.Release|Any CPU.ActiveCfg = Release|Any CPU
		{F8D39920-6781-4B59-AEA8-6B549047B9BE}.Release|Any CPU.Build.0 = Release|Any CPU
		{71E09775-D768-4F5E-A4BA-050C26DC1220}.Debug|Any CPU.ActiveCfg = Debug|Any CPU
		{71E09775-D768-4F5E-A4BA-050C26DC1220}.Debug|Any CPU.Build.0 = Debug|Any CPU
		{71E09775-D768-4F5E-A4BA-050C26DC1220}.Release|Any CPU.ActiveCfg = Release|Any CPU
		{71E09775-D768-4F5E-A4BA-050C26DC1220}.Release|Any CPU.Build.0 = Release|Any CPU
		{5ACC5B5E-A77C-42FB-90EF-6DC225D94A0D}.Debug|Any CPU.ActiveCfg = Debug|Any CPU
		{5ACC5B5E-A77C-42FB-90EF-6DC225D94A0D}.Debug|Any CPU.Build.0 = Debug|Any CPU
		{5ACC5B5E-A77C-42FB-90EF-6DC225D94A0D}.Release|Any CPU.ActiveCfg = Release|Any CPU
		{5ACC5B5E-A77C-42FB-90EF-6DC225D94A0D}.Release|Any CPU.Build.0 = Release|Any CPU
		{4684CD46-5519-44DF-B1EF-E2232F9E1216}.Debug|Any CPU.ActiveCfg = Debug|Any CPU
		{4684CD46-5519-44DF-B1EF-E2232F9E1216}.Debug|Any CPU.Build.0 = Debug|Any CPU
		{4684CD46-5519-44DF-B1EF-E2232F9E1216}.Release|Any CPU.ActiveCfg = Release|Any CPU
		{4684CD46-5519-44DF-B1EF-E2232F9E1216}.Release|Any CPU.Build.0 = Release|Any CPU
		{340C4F9C-68E3-412E-9B97-1C60532BD3B4}.Debug|Any CPU.ActiveCfg = Debug|Any CPU
		{340C4F9C-68E3-412E-9B97-1C60532BD3B4}.Debug|Any CPU.Build.0 = Debug|Any CPU
		{340C4F9C-68E3-412E-9B97-1C60532BD3B4}.Release|Any CPU.ActiveCfg = Release|Any CPU
		{340C4F9C-68E3-412E-9B97-1C60532BD3B4}.Release|Any CPU.Build.0 = Release|Any CPU
		{959BDE5A-8A58-4667-9635-F3AAD0700257}.Debug|Any CPU.ActiveCfg = Debug|Any CPU
		{959BDE5A-8A58-4667-9635-F3AAD0700257}.Debug|Any CPU.Build.0 = Debug|Any CPU
		{959BDE5A-8A58-4667-9635-F3AAD0700257}.Release|Any CPU.ActiveCfg = Release|Any CPU
		{959BDE5A-8A58-4667-9635-F3AAD0700257}.Release|Any CPU.Build.0 = Release|Any CPU
		{CAD52C8A-3C3B-406A-B3A1-54E491E46C28}.Debug|Any CPU.ActiveCfg = Debug|Any CPU
		{CAD52C8A-3C3B-406A-B3A1-54E491E46C28}.Debug|Any CPU.Build.0 = Debug|Any CPU
		{CAD52C8A-3C3B-406A-B3A1-54E491E46C28}.Release|Any CPU.ActiveCfg = Release|Any CPU
		{CAD52C8A-3C3B-406A-B3A1-54E491E46C28}.Release|Any CPU.Build.0 = Release|Any CPU
		{89E50ACD-D411-4C6C-BAED-B28AB9819314}.Debug|Any CPU.ActiveCfg = Debug|Any CPU
		{89E50ACD-D411-4C6C-BAED-B28AB9819314}.Debug|Any CPU.Build.0 = Debug|Any CPU
		{89E50ACD-D411-4C6C-BAED-B28AB9819314}.Release|Any CPU.ActiveCfg = Release|Any CPU
		{89E50ACD-D411-4C6C-BAED-B28AB9819314}.Release|Any CPU.Build.0 = Release|Any CPU
		{0DBCABE5-A066-4F7A-8D10-25F4D7278120}.Debug|Any CPU.ActiveCfg = Debug|Any CPU
		{0DBCABE5-A066-4F7A-8D10-25F4D7278120}.Debug|Any CPU.Build.0 = Debug|Any CPU
		{0DBCABE5-A066-4F7A-8D10-25F4D7278120}.Release|Any CPU.ActiveCfg = Release|Any CPU
		{0DBCABE5-A066-4F7A-8D10-25F4D7278120}.Release|Any CPU.Build.0 = Release|Any CPU
		{BB6DD257-18B0-458B-A4EE-9EA93378553D}.Debug|Any CPU.ActiveCfg = Debug|Any CPU
		{BB6DD257-18B0-458B-A4EE-9EA93378553D}.Debug|Any CPU.Build.0 = Debug|Any CPU
		{BB6DD257-18B0-458B-A4EE-9EA93378553D}.Release|Any CPU.ActiveCfg = Release|Any CPU
		{BB6DD257-18B0-458B-A4EE-9EA93378553D}.Release|Any CPU.Build.0 = Release|Any CPU
		{C10EB5ED-4470-424F-A2C1-8C460BEB6C14}.Debug|Any CPU.ActiveCfg = Debug|Any CPU
		{C10EB5ED-4470-424F-A2C1-8C460BEB6C14}.Debug|Any CPU.Build.0 = Debug|Any CPU
		{C10EB5ED-4470-424F-A2C1-8C460BEB6C14}.Release|Any CPU.ActiveCfg = Release|Any CPU
		{C10EB5ED-4470-424F-A2C1-8C460BEB6C14}.Release|Any CPU.Build.0 = Release|Any CPU
		{6F2D743D-87C3-4837-92A0-3276D18CED86}.Debug|Any CPU.ActiveCfg = Debug|Any CPU
		{6F2D743D-87C3-4837-92A0-3276D18CED86}.Debug|Any CPU.Build.0 = Debug|Any CPU
		{6F2D743D-87C3-4837-92A0-3276D18CED86}.Release|Any CPU.ActiveCfg = Release|Any CPU
		{6F2D743D-87C3-4837-92A0-3276D18CED86}.Release|Any CPU.Build.0 = Release|Any CPU
		{6183C31F-6388-46D2-9115-364EA148A722}.Debug|Any CPU.ActiveCfg = Debug|Any CPU
		{6183C31F-6388-46D2-9115-364EA148A722}.Debug|Any CPU.Build.0 = Debug|Any CPU
		{6183C31F-6388-46D2-9115-364EA148A722}.Release|Any CPU.ActiveCfg = Release|Any CPU
		{6183C31F-6388-46D2-9115-364EA148A722}.Release|Any CPU.Build.0 = Release|Any CPU
		{3648633B-4D7E-429A-9202-48A661787F97}.Debug|Any CPU.ActiveCfg = Debug|Any CPU
		{3648633B-4D7E-429A-9202-48A661787F97}.Debug|Any CPU.Build.0 = Debug|Any CPU
		{3648633B-4D7E-429A-9202-48A661787F97}.Release|Any CPU.ActiveCfg = Release|Any CPU
		{3648633B-4D7E-429A-9202-48A661787F97}.Release|Any CPU.Build.0 = Release|Any CPU
		{2C283DE0-6D65-4B89-BA13-CC7A47288689}.Debug|Any CPU.ActiveCfg = Debug|Any CPU
		{2C283DE0-6D65-4B89-BA13-CC7A47288689}.Debug|Any CPU.Build.0 = Debug|Any CPU
		{2C283DE0-6D65-4B89-BA13-CC7A47288689}.Release|Any CPU.ActiveCfg = Release|Any CPU
		{2C283DE0-6D65-4B89-BA13-CC7A47288689}.Release|Any CPU.Build.0 = Release|Any CPU
		{DE4A19C8-BA1A-4C77-AAB1-DF6389D66F45}.Debug|Any CPU.ActiveCfg = Debug|Any CPU
		{DE4A19C8-BA1A-4C77-AAB1-DF6389D66F45}.Debug|Any CPU.Build.0 = Debug|Any CPU
		{DE4A19C8-BA1A-4C77-AAB1-DF6389D66F45}.Release|Any CPU.ActiveCfg = Release|Any CPU
		{DE4A19C8-BA1A-4C77-AAB1-DF6389D66F45}.Release|Any CPU.Build.0 = Release|Any CPU
	EndGlobalSection
	GlobalSection(SolutionProperties) = preSolution
		HideSolutionNode = FALSE
	EndGlobalSection
	GlobalSection(NestedProjects) = preSolution
		{34C2332D-5685-46EA-8626-7D06D01B1114} = {898BBB99-5171-4A76-9858-134CBA7E2865}
		{61D207F9-8211-42AD-B8B5-26B945112EC9} = {898BBB99-5171-4A76-9858-134CBA7E2865}
		{454DB064-1239-48BA-8089-CBD745DD3255} = {898BBB99-5171-4A76-9858-134CBA7E2865}
		{274E6AE4-95D0-4379-BB23-51EE50CD34A7} = {898BBB99-5171-4A76-9858-134CBA7E2865}
		{2480E424-8295-47FE-9E65-976E7AA07047} = {898BBB99-5171-4A76-9858-134CBA7E2865}
		{297BB7C8-969C-4C0B-A899-28A88FA74A26} = {898BBB99-5171-4A76-9858-134CBA7E2865}
		{8D0DB4E3-1C7C-442F-B462-04B7238563C7} = {898BBB99-5171-4A76-9858-134CBA7E2865}
		{D0CFEB35-0586-4110-9ED6-BE6B0D708D65} = {C000C60F-9B84-4F8F-94F2-73C83A9E24AA}
		{F8D39920-6781-4B59-AEA8-6B549047B9BE} = {C000C60F-9B84-4F8F-94F2-73C83A9E24AA}
		{71E09775-D768-4F5E-A4BA-050C26DC1220} = {C000C60F-9B84-4F8F-94F2-73C83A9E24AA}
		{5ACC5B5E-A77C-42FB-90EF-6DC225D94A0D} = {C000C60F-9B84-4F8F-94F2-73C83A9E24AA}
		{4684CD46-5519-44DF-B1EF-E2232F9E1216} = {C000C60F-9B84-4F8F-94F2-73C83A9E24AA}
		{340C4F9C-68E3-412E-9B97-1C60532BD3B4} = {C000C60F-9B84-4F8F-94F2-73C83A9E24AA}
		{959BDE5A-8A58-4667-9635-F3AAD0700257} = {C000C60F-9B84-4F8F-94F2-73C83A9E24AA}
		{CAD52C8A-3C3B-406A-B3A1-54E491E46C28} = {E8D51CD4-7D0A-4288-823F-ADB42498F328}
		{89E50ACD-D411-4C6C-BAED-B28AB9819314} = {E8D51CD4-7D0A-4288-823F-ADB42498F328}
		{0DBCABE5-A066-4F7A-8D10-25F4D7278120} = {E8D51CD4-7D0A-4288-823F-ADB42498F328}
		{6F2D743D-87C3-4837-92A0-3276D18CED86} = {E8D51CD4-7D0A-4288-823F-ADB42498F328}
		{6183C31F-6388-46D2-9115-364EA148A722} = {C000C60F-9B84-4F8F-94F2-73C83A9E24AA}
		{3648633B-4D7E-429A-9202-48A661787F97} = {E8D51CD4-7D0A-4288-823F-ADB42498F328}
		{2C283DE0-6D65-4B89-BA13-CC7A47288689} = {E8D51CD4-7D0A-4288-823F-ADB42498F328}
		{DE4A19C8-BA1A-4C77-AAB1-DF6389D66F45} = {898BBB99-5171-4A76-9858-134CBA7E2865}
	EndGlobalSection
	GlobalSection(ExtensibilityGlobals) = postSolution
		SolutionGuid = {75D0BEAD-49FB-4D8B-A3F8-B168137BD208}
	EndGlobalSection
EndGlobal
